<?xml version="1.0" encoding="utf-8"?>
<Project ToolsVersion="4.0" xmlns="http://schemas.microsoft.com/developer/msbuild/2003">
  <ItemGroup>
    <Filter Include="Saber">
      <UniqueIdentifier>{12D1130E-7EE5-3BBF-4767-DF1EB33A38F0}</UniqueIdentifier>
    </Filter>
    <Filter Include="Saber\Events">
      <UniqueIdentifier>{B6549541-A2B7-24E6-4B3D-5D9C377FF068}</UniqueIdentifier>
    </Filter>
    <Filter Include="Saber\Platform">
      <UniqueIdentifier>{A6615B18-922F-4F1E-7BC3-BF4467302B83}</UniqueIdentifier>
    </Filter>
    <Filter Include="Saber\Platform\Windows">
      <UniqueIdentifier>{E051EB78-CC4B-14CB-B5B8-AADBA1517A37}</UniqueIdentifier>
    </Filter>
  </ItemGroup>
  <ItemGroup>
    <ClInclude Include="src\Saber.h" />
    <ClInclude Include="src\Saber\Application.h">
      <Filter>Saber</Filter>
    </ClInclude>
    <ClInclude Include="src\Saber\Core.h">
      <Filter>Saber</Filter>
    </ClInclude>
    <ClInclude Include="src\Saber\EntryPoint.h">
      <Filter>Saber</Filter>
    </ClInclude>
    <ClInclude Include="src\Saber\Events\ApplicationEvent.h">
      <Filter>Saber\Events</Filter>
    </ClInclude>
    <ClInclude Include="src\Saber\Events\Event.h">
      <Filter>Saber\Events</Filter>
    </ClInclude>
    <ClInclude Include="src\Saber\Events\KeyEvent.h">
      <Filter>Saber\Events</Filter>
    </ClInclude>
    <ClInclude Include="src\Saber\Events\MouseEvent.h">
      <Filter>Saber\Events</Filter>
    </ClInclude>
    <ClInclude Include="src\Saber\Layer.h">
      <Filter>Saber</Filter>
    </ClInclude>
    <ClInclude Include="src\Saber\LayerStack.h">
      <Filter>Saber</Filter>
    </ClInclude>
    <ClInclude Include="src\Saber\Log.h">
      <Filter>Saber</Filter>
    </ClInclude>
    <ClInclude Include="src\Saber\Platform\Windows\WindowsWindow.h">
      <Filter>Saber\Platform\Windows</Filter>
    </ClInclude>
    <ClInclude Include="src\Saber\Window.h">
      <Filter>Saber</Filter>
    </ClInclude>
    <ClInclude Include="src\sbpch.h" />
  </ItemGroup>
  <ItemGroup>
    <ClCompile Include="src\Saber\Application.cpp">
      <Filter>Saber</Filter>
    </ClCompile>
    <ClCompile Include="src\Saber\Layer.cpp">
      <Filter>Saber</Filter>
    </ClCompile>
    <ClCompile Include="src\Saber\LayerStack.cpp">
      <Filter>Saber</Filter>
    </ClCompile>
    <ClCompile Include="src\Saber\Log.cpp">
      <Filter>Saber</Filter>
    </ClCompile>
    <ClCompile Include="src\Saber\Platform\Windows\WindowsWindow.cpp">
      <Filter>Saber\Platform\Windows</Filter>
    </ClCompile>
    <ClCompile Include="src\sbpch.cpp" />
  </ItemGroup>
</Project>