<?xml version="1.0" encoding="utf-8"?>
<Project ToolsVersion="4.0" xmlns="http://schemas.microsoft.com/developer/msbuild/2003">
  <ItemGroup>
    <Filter Include="Saber">
      <UniqueIdentifier>{12D1130E-7EE5-3BBF-4767-DF1EB33A38F0}</UniqueIdentifier>
    </Filter>
  </ItemGroup>
  <ItemGroup>
    <ClInclude Include="src\Saber.h" />
    <ClInclude Include="src\Saber\Application.h">
      <Filter>Saber</Filter>
    </ClInclude>
    <ClInclude Include="src\Saber\Core.h">
      <Filter>Saber</Filter>
    </ClInclude>
    <ClInclude Include="src\Saber\EntryPoint.h">
      <Filter>Saber</Filter>
    </ClInclude>
    <ClInclude Include="src\Saber\Log.h">
      <Filter>Saber</Filter>
    </ClInclude>
  </ItemGroup>
  <ItemGroup>
    <ClCompile Include="src\Saber\Application.cpp">
      <Filter>Saber</Filter>
    </ClCompile>
    <ClCompile Include="src\Saber\Log.cpp">
      <Filter>Saber</Filter>
    </ClCompile>
  </ItemGroup>
</Project>